// !$*UTF8*$!
{
	archiveVersion = 1;
	classes = {
	};
	objectVersion = 55;
	objects = {

/* Begin PBXBuildFile section */
		058FEA95275383560012D076 /* addMemoViewController.swift in Sources */ = {isa = PBXBuildFile; fileRef = 058FEA94275383560012D076 /* addMemoViewController.swift */; };
		05CD1AEC2750A71300FA49BA /* AppDelegate.swift in Sources */ = {isa = PBXBuildFile; fileRef = 05CD1AEB2750A71300FA49BA /* AppDelegate.swift */; };
		05CD1AEE2750A71300FA49BA /* SceneDelegate.swift in Sources */ = {isa = PBXBuildFile; fileRef = 05CD1AED2750A71300FA49BA /* SceneDelegate.swift */; };
		05CD1AF32750A71300FA49BA /* Main.storyboard in Resources */ = {isa = PBXBuildFile; fileRef = 05CD1AF12750A71300FA49BA /* Main.storyboard */; };
		05CD1AF52750A71400FA49BA /* Assets.xcassets in Resources */ = {isa = PBXBuildFile; fileRef = 05CD1AF42750A71400FA49BA /* Assets.xcassets */; };
		05CD1AF82750A71400FA49BA /* LaunchScreen.storyboard in Resources */ = {isa = PBXBuildFile; fileRef = 05CD1AF62750A71400FA49BA /* LaunchScreen.storyboard */; };
		05CD1B032750A71500FA49BA /* memoTests.swift in Sources */ = {isa = PBXBuildFile; fileRef = 05CD1B022750A71500FA49BA /* memoTests.swift */; };
		05CD1B0D2750A71500FA49BA /* memoUITests.swift in Sources */ = {isa = PBXBuildFile; fileRef = 05CD1B0C2750A71500FA49BA /* memoUITests.swift */; };
		05CD1B0F2750A71500FA49BA /* memoUITestsLaunchTests.swift in Sources */ = {isa = PBXBuildFile; fileRef = 05CD1B0E2750A71500FA49BA /* memoUITestsLaunchTests.swift */; };
		05CD1B1C27535FDA00FA49BA /* memoTableViewController.swift in Sources */ = {isa = PBXBuildFile; fileRef = 05CD1B1B27535FDA00FA49BA /* memoTableViewController.swift */; };
/* End PBXBuildFile section */

/* Begin PBXContainerItemProxy section */
		05CD1AFF2750A71500FA49BA /* PBXContainerItemProxy */ = {
			isa = PBXContainerItemProxy;
			containerPortal = 05CD1AE02750A71300FA49BA /* Project object */;
			proxyType = 1;
			remoteGlobalIDString = 05CD1AE72750A71300FA49BA;
			remoteInfo = memo;
		};
		05CD1B092750A71500FA49BA /* PBXContainerItemProxy */ = {
			isa = PBXContainerItemProxy;
			containerPortal = 05CD1AE02750A71300FA49BA /* Project object */;
			proxyType = 1;
			remoteGlobalIDString = 05CD1AE72750A71300FA49BA;
			remoteInfo = memo;
		};
/* End PBXContainerItemProxy section */

/* Begin PBXFileReference section */
		058FEA94275383560012D076 /* addMemoViewController.swift */ = {isa = PBXFileReference; lastKnownFileType = sourcecode.swift; path = addMemoViewController.swift; sourceTree = "<group>"; };
		05CD1AE82750A71300FA49BA /* memo.app */ = {isa = PBXFileReference; explicitFileType = wrapper.application; includeInIndex = 0; path = memo.app; sourceTree = BUILT_PRODUCTS_DIR; };
		05CD1AEB2750A71300FA49BA /* AppDelegate.swift */ = {isa = PBXFileReference; lastKnownFileType = sourcecode.swift; path = AppDelegate.swift; sourceTree = "<group>"; };
		05CD1AED2750A71300FA49BA /* SceneDelegate.swift */ = {isa = PBXFileReference; lastKnownFileType = sourcecode.swift; path = SceneDelegate.swift; sourceTree = "<group>"; };
		05CD1AF22750A71300FA49BA /* Base */ = {isa = PBXFileReference; lastKnownFileType = file.storyboard; name = Base; path = Base.lproj/Main.storyboard; sourceTree = "<group>"; };
		05CD1AF42750A71400FA49BA /* Assets.xcassets */ = {isa = PBXFileReference; lastKnownFileType = folder.assetcatalog; path = Assets.xcassets; sourceTree = "<group>"; };
		05CD1AF72750A71400FA49BA /* Base */ = {isa = PBXFileReference; lastKnownFileType = file.storyboard; name = Base; path = Base.lproj/LaunchScreen.storyboard; sourceTree = "<group>"; };
		05CD1AF92750A71400FA49BA /* Info.plist */ = {isa = PBXFileReference; lastKnownFileType = text.plist.xml; path = Info.plist; sourceTree = "<group>"; };
		05CD1AFE2750A71500FA49BA /* memoTests.xctest */ = {isa = PBXFileReference; explicitFileType = wrapper.cfbundle; includeInIndex = 0; path = memoTests.xctest; sourceTree = BUILT_PRODUCTS_DIR; };
		05CD1B022750A71500FA49BA /* memoTests.swift */ = {isa = PBXFileReference; lastKnownFileType = sourcecode.swift; path = memoTests.swift; sourceTree = "<group>"; };
		05CD1B082750A71500FA49BA /* memoUITests.xctest */ = {isa = PBXFileReference; explicitFileType = wrapper.cfbundle; includeInIndex = 0; path = memoUITests.xctest; sourceTree = BUILT_PRODUCTS_DIR; };
		05CD1B0C2750A71500FA49BA /* memoUITests.swift */ = {isa = PBXFileReference; lastKnownFileType = sourcecode.swift; path = memoUITests.swift; sourceTree = "<group>"; };
		05CD1B0E2750A71500FA49BA /* memoUITestsLaunchTests.swift */ = {isa = PBXFileReference; lastKnownFileType = sourcecode.swift; path = memoUITestsLaunchTests.swift; sourceTree = "<group>"; };
		05CD1B1B27535FDA00FA49BA /* memoTableViewController.swift */ = {isa = PBXFileReference; lastKnownFileType = sourcecode.swift; path = memoTableViewController.swift; sourceTree = "<group>"; };
		05CD1B1D275363E400FA49BA /* MyPlayground.playground */ = {isa = PBXFileReference; lastKnownFileType = file.playground; name = MyPlayground.playground; path = ../../MyPlayground.playground; sourceTree = "<group>"; xcLanguageSpecificationIdentifier = xcode.lang.swift; };
/* End PBXFileReference section */

/* Begin PBXFrameworksBuildPhase section */
		05CD1AE52750A71300FA49BA /* Frameworks */ = {
			isa = PBXFrameworksBuildPhase;
			buildActionMask = 2147483647;
			files = (
			);
			runOnlyForDeploymentPostprocessing = 0;
		};
		05CD1AFB2750A71500FA49BA /* Frameworks */ = {
			isa = PBXFrameworksBuildPhase;
			buildActionMask = 2147483647;
			files = (
			);
			runOnlyForDeploymentPostprocessing = 0;
		};
		05CD1B052750A71500FA49BA /* Frameworks */ = {
			isa = PBXFrameworksBuildPhase;
			buildActionMask = 2147483647;
			files = (
			);
			runOnlyForDeploymentPostprocessing = 0;
		};
/* End PBXFrameworksBuildPhase section */

/* Begin PBXGroup section */
		05CD1ADF2750A71300FA49BA = {
			isa = PBXGroup;
			children = (
				05CD1AEA2750A71300FA49BA /* memo */,
				05CD1B012750A71500FA49BA /* memoTests */,
				05CD1B0B2750A71500FA49BA /* memoUITests */,
				05CD1AE92750A71300FA49BA /* Products */,
			);
			sourceTree = "<group>";
		};
		05CD1AE92750A71300FA49BA /* Products */ = {
			isa = PBXGroup;
			children = (
				05CD1AE82750A71300FA49BA /* memo.app */,
				05CD1AFE2750A71500FA49BA /* memoTests.xctest */,
				05CD1B082750A71500FA49BA /* memoUITests.xctest */,
			);
			name = Products;
			sourceTree = "<group>";
		};
		05CD1AEA2750A71300FA49BA /* memo */ = {
			isa = PBXGroup;
			children = (
				05CD1B1D275363E400FA49BA /* MyPlayground.playground */,
				05CD1AEB2750A71300FA49BA /* AppDelegate.swift */,
				05CD1AED2750A71300FA49BA /* SceneDelegate.swift */,
				05CD1AF12750A71300FA49BA /* Main.storyboard */,
				05CD1AF42750A71400FA49BA /* Assets.xcassets */,
				05CD1AF62750A71400FA49BA /* LaunchScreen.storyboard */,
				05CD1AF92750A71400FA49BA /* Info.plist */,
				05CD1B1B27535FDA00FA49BA /* memoTableViewController.swift */,
				058FEA94275383560012D076 /* addMemoViewController.swift */,
			);
			path = memo;
			sourceTree = "<group>";
		};
		05CD1B012750A71500FA49BA /* memoTests */ = {
			isa = PBXGroup;
			children = (
				05CD1B022750A71500FA49BA /* memoTests.swift */,
			);
			path = memoTests;
			sourceTree = "<group>";
		};
		05CD1B0B2750A71500FA49BA /* memoUITests */ = {
			isa = PBXGroup;
			children = (
				05CD1B0C2750A71500FA49BA /* memoUITests.swift */,
				05CD1B0E2750A71500FA49BA /* memoUITestsLaunchTests.swift */,
			);
			path = memoUITests;
			sourceTree = "<group>";
		};
/* End PBXGroup section */

/* Begin PBXNativeTarget section */
		05CD1AE72750A71300FA49BA /* memo */ = {
			isa = PBXNativeTarget;
			buildConfigurationList = 05CD1B122750A71500FA49BA /* Build configuration list for PBXNativeTarget "memo" */;
			buildPhases = (
				05CD1AE42750A71300FA49BA /* Sources */,
				05CD1AE52750A71300FA49BA /* Frameworks */,
				05CD1AE62750A71300FA49BA /* Resources */,
			);
			buildRules = (
			);
			dependencies = (
			);
			name = memo;
			productName = memo;
			productReference = 05CD1AE82750A71300FA49BA /* memo.app */;
			productType = "com.apple.product-type.application";
		};
		05CD1AFD2750A71500FA49BA /* memoTests */ = {
			isa = PBXNativeTarget;
			buildConfigurationList = 05CD1B152750A71500FA49BA /* Build configuration list for PBXNativeTarget "memoTests" */;
			buildPhases = (
				05CD1AFA2750A71500FA49BA /* Sources */,
				05CD1AFB2750A71500FA49BA /* Frameworks */,
				05CD1AFC2750A71500FA49BA /* Resources */,
			);
			buildRules = (
			);
			dependencies = (
				05CD1B002750A71500FA49BA /* PBXTargetDependency */,
			);
			name = memoTests;
			productName = memoTests;
			productReference = 05CD1AFE2750A71500FA49BA /* memoTests.xctest */;
			productType = "com.apple.product-type.bundle.unit-test";
		};
		05CD1B072750A71500FA49BA /* memoUITests */ = {
			isa = PBXNativeTarget;
			buildConfigurationList = 05CD1B182750A71500FA49BA /* Build configuration list for PBXNativeTarget "memoUITests" */;
			buildPhases = (
				05CD1B042750A71500FA49BA /* Sources */,
				05CD1B052750A71500FA49BA /* Frameworks */,
				05CD1B062750A71500FA49BA /* Resources */,
			);
			buildRules = (
			);
			dependencies = (
				05CD1B0A2750A71500FA49BA /* PBXTargetDependency */,
			);
			name = memoUITests;
			productName = memoUITests;
			productReference = 05CD1B082750A71500FA49BA /* memoUITests.xctest */;
			productType = "com.apple.product-type.bundle.ui-testing";
		};
/* End PBXNativeTarget section */

/* Begin PBXProject section */
		05CD1AE02750A71300FA49BA /* Project object */ = {
			isa = PBXProject;
			attributes = {
				BuildIndependentTargetsInParallel = 1;
				LastSwiftUpdateCheck = 1310;
				LastUpgradeCheck = 1310;
				TargetAttributes = {
					05CD1AE72750A71300FA49BA = {
						CreatedOnToolsVersion = 13.1;
					};
					05CD1AFD2750A71500FA49BA = {
						CreatedOnToolsVersion = 13.1;
						TestTargetID = 05CD1AE72750A71300FA49BA;
					};
					05CD1B072750A71500FA49BA = {
						CreatedOnToolsVersion = 13.1;
						TestTargetID = 05CD1AE72750A71300FA49BA;
					};
				};
			};
			buildConfigurationList = 05CD1AE32750A71300FA49BA /* Build configuration list for PBXProject "memo" */;
			compatibilityVersion = "Xcode 13.0";
			developmentRegion = en;
			hasScannedForEncodings = 0;
			knownRegions = (
				en,
				Base,
			);
			mainGroup = 05CD1ADF2750A71300FA49BA;
			productRefGroup = 05CD1AE92750A71300FA49BA /* Products */;
			projectDirPath = "";
			projectRoot = "";
			targets = (
				05CD1AE72750A71300FA49BA /* memo */,
				05CD1AFD2750A71500FA49BA /* memoTests */,
				05CD1B072750A71500FA49BA /* memoUITests */,
			);
		};
/* End PBXProject section */

/* Begin PBXResourcesBuildPhase section */
		05CD1AE62750A71300FA49BA /* Resources */ = {
			isa = PBXResourcesBuildPhase;
			buildActionMask = 2147483647;
			files = (
				05CD1AF82750A71400FA49BA /* LaunchScreen.storyboard in Resources */,
				05CD1AF52750A71400FA49BA /* Assets.xcassets in Resources */,
				05CD1AF32750A71300FA49BA /* Main.storyboard in Resources */,
			);
			runOnlyForDeploymentPostprocessing = 0;
		};
		05CD1AFC2750A71500FA49BA /* Resources */ = {
			isa = PBXResourcesBuildPhase;
			buildActionMask = 2147483647;
			files = (
			);
			runOnlyForDeploymentPostprocessing = 0;
		};
		05CD1B062750A71500FA49BA /* Resources */ = {
			isa = PBXResourcesBuildPhase;
			buildActionMask = 2147483647;
			files = (
			);
			runOnlyForDeploymentPostprocessing = 0;
		};
/* End PBXResourcesBuildPhase section */

/* Begin PBXSourcesBuildPhase section */
		05CD1AE42750A71300FA49BA /* Sources */ = {
			isa = PBXSourcesBuildPhase;
			buildActionMask = 2147483647;
			files = (
				058FEA95275383560012D076 /* addMemoViewController.swift in Sources */,
				05CD1B1C27535FDA00FA49BA /* memoTableViewController.swift in Sources */,
				05CD1AEC2750A71300FA49BA /* AppDelegate.swift in Sources */,
				05CD1AEE2750A71300FA49BA /* SceneDelegate.swift in Sources */,
			);
			runOnlyForDeploymentPostprocessing = 0;
		};
		05CD1AFA2750A71500FA49BA /* Sources */ = {
			isa = PBXSourcesBuildPhase;
			buildActionMask = 2147483647;
			files = (
				05CD1B032750A71500FA49BA /* memoTests.swift in Sources */,
			);
			runOnlyForDeploymentPostprocessing = 0;
		};
		05CD1B042750A71500FA49BA /* Sources */ = {
			isa = PBXSourcesBuildPhase;
			buildActionMask = 2147483647;
			files = (
				05CD1B0F2750A71500FA49BA /* memoUITestsLaunchTests.swift in Sources */,
				05CD1B0D2750A71500FA49BA /* memoUITests.swift in Sources */,
			);
			runOnlyForDeploymentPostprocessing = 0;
		};
/* End PBXSourcesBuildPhase section */

/* Begin PBXTargetDependency section */
		05CD1B002750A71500FA49BA /* PBXTargetDependency */ = {
			isa = PBXTargetDependency;
			target = 05CD1AE72750A71300FA49BA /* memo */;
			targetProxy = 05CD1AFF2750A71500FA49BA /* PBXContainerItemProxy */;
		};
		05CD1B0A2750A71500FA49BA /* PBXTargetDependency */ = {
			isa = PBXTargetDependency;
			target = 05CD1AE72750A71300FA49BA /* memo */;
			targetProxy = 05CD1B092750A71500FA49BA /* PBXContainerItemProxy */;
		};
/* End PBXTargetDependency section */

/* Begin PBXVariantGroup section */
		05CD1AF12750A71300FA49BA /* Main.storyboard */ = {
			isa = PBXVariantGroup;
			children = (
				05CD1AF22750A71300FA49BA /* Base */,
			);
			name = Main.storyboard;
			sourceTree = "<group>";
		};
		05CD1AF62750A71400FA49BA /* LaunchScreen.storyboard */ = {
			isa = PBXVariantGroup;
			children = (
				05CD1AF72750A71400FA49BA /* Base */,
			);
			name = LaunchScreen.storyboard;
			sourceTree = "<group>";
		};
/* End PBXVariantGroup section */

/* Begin XCBuildConfiguration section */
		05CD1B102750A71500FA49BA /* Debug */ = {
			isa = XCBuildConfiguration;
			buildSettings = {
				ALWAYS_SEARCH_USER_PATHS = NO;
				CLANG_ANALYZER_NONNULL = YES;
				CLANG_ANALYZER_NUMBER_OBJECT_CONVERSION = YES_AGGRESSIVE;
				CLANG_CXX_LANGUAGE_STANDARD = "gnu++17";
				CLANG_CXX_LIBRARY = "libc++";
				CLANG_ENABLE_MODULES = YES;
				CLANG_ENABLE_OBJC_ARC = YES;
				CLANG_ENABLE_OBJC_WEAK = YES;
				CLANG_WARN_BLOCK_CAPTURE_AUTORELEASING = YES;
				CLANG_WARN_BOOL_CONVERSION = YES;
				CLANG_WARN_COMMA = YES;
				CLANG_WARN_CONSTANT_CONVERSION = YES;
				CLANG_WARN_DEPRECATED_OBJC_IMPLEMENTATIONS = YES;
				CLANG_WARN_DIRECT_OBJC_ISA_USAGE = YES_ERROR;
				CLANG_WARN_DOCUMENTATION_COMMENTS = YES;
				CLANG_WARN_EMPTY_BODY = YES;
				CLANG_WARN_ENUM_CONVERSION = YES;
				CLANG_WARN_INFINITE_RECURSION = YES;
				CLANG_WARN_INT_CONVERSION = YES;
				CLANG_WARN_NON_LITERAL_NULL_CONVERSION = YES;
				CLANG_WARN_OBJC_IMPLICIT_RETAIN_SELF = YES;
				CLANG_WARN_OBJC_LITERAL_CONVERSION = YES;
				CLANG_WARN_OBJC_ROOT_CLASS = YES_ERROR;
				CLANG_WARN_QUOTED_INCLUDE_IN_FRAMEWORK_HEADER = YES;
				CLANG_WARN_RANGE_LOOP_ANALYSIS = YES;
				CLANG_WARN_STRICT_PROTOTYPES = YES;
				CLANG_WARN_SUSPICIOUS_MOVE = YES;
				CLANG_WARN_UNGUARDED_AVAILABILITY = YES_AGGRESSIVE;
				CLANG_WARN_UNREACHABLE_CODE = YES;
				CLANG_WARN__DUPLICATE_METHOD_MATCH = YES;
				COPY_PHASE_STRIP = NO;
				DEBUG_INFORMATION_FORMAT = dwarf;
				ENABLE_STRICT_OBJC_MSGSEND = YES;
				ENABLE_TESTABILITY = YES;
				GCC_C_LANGUAGE_STANDARD = gnu11;
				GCC_DYNAMIC_NO_PIC = NO;
				GCC_NO_COMMON_BLOCKS = YES;
				GCC_OPTIMIZATION_LEVEL = 0;
				GCC_PREPROCESSOR_DEFINITIONS = (
					"DEBUG=1",
					"$(inherited)",
				);
				GCC_WARN_64_TO_32_BIT_CONVERSION = YES;
				GCC_WARN_ABOUT_RETURN_TYPE = YES_ERROR;
				GCC_WARN_UNDECLARED_SELECTOR = YES;
				GCC_WARN_UNINITIALIZED_AUTOS = YES_AGGRESSIVE;
				GCC_WARN_UNUSED_FUNCTION = YES;
				GCC_WARN_UNUSED_VARIABLE = YES;
				IPHONEOS_DEPLOYMENT_TARGET = 15.0;
				MTL_ENABLE_DEBUG_INFO = INCLUDE_SOURCE;
				MTL_FAST_MATH = YES;
				ONLY_ACTIVE_ARCH = YES;
				SDKROOT = iphoneos;
				SWIFT_ACTIVE_COMPILATION_CONDITIONS = DEBUG;
				SWIFT_OPTIMIZATION_LEVEL = "-Onone";
			};
			name = Debug;
		};
		05CD1B112750A71500FA49BA /* Release */ = {
			isa = XCBuildConfiguration;
			buildSettings = {
				ALWAYS_SEARCH_USER_PATHS = NO;
				CLANG_ANALYZER_NONNULL = YES;
				CLANG_ANALYZER_NUMBER_OBJECT_CONVERSION = YES_AGGRESSIVE;
				CLANG_CXX_LANGUAGE_STANDARD = "gnu++17";
				CLANG_CXX_LIBRARY = "libc++";
				CLANG_ENABLE_MODULES = YES;
				CLANG_ENABLE_OBJC_ARC = YES;
				CLANG_ENABLE_OBJC_WEAK = YES;
				CLANG_WARN_BLOCK_CAPTURE_AUTORELEASING = YES;
				CLANG_WARN_BOOL_CONVERSION = YES;
				CLANG_WARN_COMMA = YES;
				CLANG_WARN_CONSTANT_CONVERSION = YES;
				CLANG_WARN_DEPRECATED_OBJC_IMPLEMENTATIONS = YES;
				CLANG_WARN_DIRECT_OBJC_ISA_USAGE = YES_ERROR;
				CLANG_WARN_DOCUMENTATION_COMMENTS = YES;
				CLANG_WARN_EMPTY_BODY = YES;
				CLANG_WARN_ENUM_CONVERSION = YES;
				CLANG_WARN_INFINITE_RECURSION = YES;
				CLANG_WARN_INT_CONVERSION = YES;
				CLANG_WARN_NON_LITERAL_NULL_CONVERSION = YES;
				CLANG_WARN_OBJC_IMPLICIT_RETAIN_SELF = YES;
				CLANG_WARN_OBJC_LITERAL_CONVERSION = YES;
				CLANG_WARN_OBJC_ROOT_CLASS = YES_ERROR;
				CLANG_WARN_QUOTED_INCLUDE_IN_FRAMEWORK_HEADER = YES;
				CLANG_WARN_RANGE_LOOP_ANALYSIS = YES;
				CLANG_WARN_STRICT_PROTOTYPES = YES;
				CLANG_WARN_SUSPICIOUS_MOVE = YES;
				CLANG_WARN_UNGUARDED_AVAILABILITY = YES_AGGRESSIVE;
				CLANG_WARN_UNREACHABLE_CODE = YES;
				CLANG_WARN__DUPLICATE_METHOD_MATCH = YES;
				COPY_PHASE_STRIP = NO;
				DEBUG_INFORMATION_FORMAT = "dwarf-with-dsym";
				ENABLE_NS_ASSERTIONS = NO;
				ENABLE_STRICT_OBJC_MSGSEND = YES;
				GCC_C_LANGUAGE_STANDARD = gnu11;
				GCC_NO_COMMON_BLOCKS = YES;
				GCC_WARN_64_TO_32_BIT_CONVERSION = YES;
				GCC_WARN_ABOUT_RETURN_TYPE = YES_ERROR;
				GCC_WARN_UNDECLARED_SELECTOR = YES;
				GCC_WARN_UNINITIALIZED_AUTOS = YES_AGGRESSIVE;
				GCC_WARN_UNUSED_FUNCTION = YES;
				GCC_WARN_UNUSED_VARIABLE = YES;
				IPHONEOS_DEPLOYMENT_TARGET = 15.0;
				MTL_ENABLE_DEBUG_INFO = NO;
				MTL_FAST_MATH = YES;
				SDKROOT = iphoneos;
				SWIFT_COMPILATION_MODE = wholemodule;
				SWIFT_OPTIMIZATION_LEVEL = "-O";
				VALIDATE_PRODUCT = YES;
			};
			name = Release;
		};
		05CD1B132750A71500FA49BA /* Debug */ = {
			isa = XCBuildConfiguration;
			buildSettings = {
				ASSETCATALOG_COMPILER_APPICON_NAME = AppIcon;
				ASSETCATALOG_COMPILER_GLOBAL_ACCENT_COLOR_NAME = AccentColor;
				CODE_SIGN_STYLE = Automatic;
				CURRENT_PROJECT_VERSION = 1;
				GENERATE_INFOPLIST_FILE = YES;
				INFOPLIST_FILE = memo/Info.plist;
				INFOPLIST_KEY_UIApplicationSupportsIndirectInputEvents = YES;
				INFOPLIST_KEY_UILaunchStoryboardName = LaunchScreen;
				INFOPLIST_KEY_UIMainStoryboardFile = Main;
				INFOPLIST_KEY_UISupportedInterfaceOrientations_iPad = "UIInterfaceOrientationPortrait UIInterfaceOrientationPortraitUpsideDown UIInterfaceOrientationLandscapeLeft UIInterfaceOrientationLandscapeRight";
				INFOPLIST_KEY_UISupportedInterfaceOrientations_iPhone = "UIInterfaceOrientationPortrait UIInterfaceOrientationLandscapeLeft UIInterfaceOrientationLandscapeRight";
				LD_RUNPATH_SEARCH_PATHS = (
					"$(inherited)",
					"@executable_path/Frameworks",
				);
				MARKETING_VERSION = 1.0;
				PRODUCT_BUNDLE_IDENTIFIER = "swift-project.memo";
				PRODUCT_NAME = "$(TARGET_NAME)";
				SWIFT_EMIT_LOC_STRINGS = YES;
				SWIFT_VERSION = 5.0;
				TARGETED_DEVICE_FAMILY = "1,2";
			};
			name = Debug;
		};
		05CD1B142750A71500FA49BA /* Release */ = {
			isa = XCBuildConfiguration;
			buildSettings = {
				ASSETCATALOG_COMPILER_APPICON_NAME = AppIcon;
				ASSETCATALOG_COMPILER_GLOBAL_ACCENT_COLOR_NAME = AccentColor;
				CODE_SIGN_STYLE = Automatic;
				CURRENT_PROJECT_VERSION = 1;
				GENERATE_INFOPLIST_FILE = YES;
				INFOPLIST_FILE = memo/Info.plist;
				INFOPLIST_KEY_UIApplicationSupportsIndirectInputEvents = YES;
				INFOPLIST_KEY_UILaunchStoryboardName = LaunchScreen;
				INFOPLIST_KEY_UIMainStoryboardFile = Main;
				INFOPLIST_KEY_UISupportedInterfaceOrientations_iPad = "UIInterfaceOrientationPortrait UIInterfaceOrientationPortraitUpsideDown UIInterfaceOrientationLandscapeLeft UIInterfaceOrientationLandscapeRight";
				INFOPLIST_KEY_UISupportedInterfaceOrientations_iPhone = "UIInterfaceOrientationPortrait UIInterfaceOrientationLandscapeLeft UIInterfaceOrientationLandscapeRight";
				LD_RUNPATH_SEARCH_PATHS = (
					"$(inherited)",
					"@executable_path/Frameworks",
				);
				MARKETING_VERSION = 1.0;
				PRODUCT_BUNDLE_IDENTIFIER = "swift-project.memo";
				PRODUCT_NAME = "$(TARGET_NAME)";
				SWIFT_EMIT_LOC_STRINGS = YES;
				SWIFT_VERSION = 5.0;
				TARGETED_DEVICE_FAMILY = "1,2";
			};
			name = Release;
		};
		05CD1B162750A71500FA49BA /* Debug */ = {
			isa = XCBuildConfiguration;
			buildSettings = {
				ALWAYS_EMBED_SWIFT_STANDARD_LIBRARIES = YES;
				BUNDLE_LOADER = "$(TEST_HOST)";
				CODE_SIGN_STYLE = Automatic;
				CURRENT_PROJECT_VERSION = 1;
				GENERATE_INFOPLIST_FILE = YES;
				IPHONEOS_DEPLOYMENT_TARGET = 15.0;
				LD_RUNPATH_SEARCH_PATHS = (
					"$(inherited)",
					"@executable_path/Frameworks",
					"@loader_path/Frameworks",
				);
				MARKETING_VERSION = 1.0;
				PRODUCT_BUNDLE_IDENTIFIER = "swift-project.memoTests";
				PRODUCT_NAME = "$(TARGET_NAME)";
				SWIFT_EMIT_LOC_STRINGS = NO;
				SWIFT_VERSION = 5.0;
				TARGETED_DEVICE_FAMILY = "1,2";
				TEST_HOST = "$(BUILT_PRODUCTS_DIR)/memo.app/memo";
			};
			name = Debug;
		};
		05CD1B172750A71500FA49BA /* Release */ = {
			isa = XCBuildConfiguration;
			buildSettings = {
				ALWAYS_EMBED_SWIFT_STANDARD_LIBRARIES = YES;
				BUNDLE_LOADER = "$(TEST_HOST)";
				CODE_SIGN_STYLE = Automatic;
				CURRENT_PROJECT_VERSION = 1;
				GENERATE_INFOPLIST_FILE = YES;
				IPHONEOS_DEPLOYMENT_TARGET = 15.0;
				LD_RUNPATH_SEARCH_PATHS = (
					"$(inherited)",
					"@executable_path/Frameworks",
					"@loader_path/Frameworks",
				);
				MARKETING_VERSION = 1.0;
				PRODUCT_BUNDLE_IDENTIFIER = "swift-project.memoTests";
				PRODUCT_NAME = "$(TARGET_NAME)";
				SWIFT_EMIT_LOC_STRINGS = NO;
				SWIFT_VERSION = 5.0;
				TARGETED_DEVICE_FAMILY = "1,2";
				TEST_HOST = "$(BUILT_PRODUCTS_DIR)/memo.app/memo";
			};
			name = Release;
		};
		05CD1B192750A71500FA49BA /* Debug */ = {
			isa = XCBuildConfiguration;
			buildSettings = {
				ALWAYS_EMBED_SWIFT_STANDARD_LIBRARIES = YES;
				CODE_SIGN_STYLE = Automatic;
				CURRENT_PROJECT_VERSION = 1;
				GENERATE_INFOPLIST_FILE = YES;
				LD_RUNPATH_SEARCH_PATHS = (
					"$(inherited)",
					"@executable_path/Frameworks",
					"@loader_path/Frameworks",
				);
				MARKETING_VERSION = 1.0;
				PRODUCT_BUNDLE_IDENTIFIER = "swift-project.memoUITests";
				PRODUCT_NAME = "$(TARGET_NAME)";
				SWIFT_EMIT_LOC_STRINGS = NO;
				SWIFT_VERSION = 5.0;
				TARGETED_DEVICE_FAMILY = "1,2";
				TEST_TARGET_NAME = memo;
			};
			name = Debug;
		};
		05CD1B1A2750A71500FA49BA /* Release */ = {
			isa = XCBuildConfiguration;
			buildSettings = {
				ALWAYS_EMBED_SWIFT_STANDARD_LIBRARIES = YES;
				CODE_SIGN_STYLE = Automatic;
				CURRENT_PROJECT_VERSION = 1;
				GENERATE_INFOPLIST_FILE = YES;
				LD_RUNPATH_SEARCH_PATHS = (
					"$(inherited)",
					"@executable_path/Frameworks",
					"@loader_path/Frameworks",
				);
				MARKETING_VERSION = 1.0;
				PRODUCT_BUNDLE_IDENTIFIER = "swift-project.memoUITests";
				PRODUCT_NAME = "$(TARGET_NAME)";
				SWIFT_EMIT_LOC_STRINGS = NO;
				SWIFT_VERSION = 5.0;
				TARGETED_DEVICE_FAMILY = "1,2";
				TEST_TARGET_NAME = memo;
			};
			name = Release;
		};
/* End XCBuildConfiguration section */

/* Begin XCConfigurationList section */
		05CD1AE32750A71300FA49BA /* Build configuration list for PBXProject "memo" */ = {
			isa = XCConfigurationList;
			buildConfigurations = (
				05CD1B102750A71500FA49BA /* Debug */,
				05CD1B112750A71500FA49BA /* Release */,
			);
			defaultConfigurationIsVisible = 0;
			defaultConfigurationName = Release;
		};
		05CD1B122750A71500FA49BA /* Build configuration list for PBXNativeTarget "memo" */ = {
			isa = XCConfigurationList;
			buildConfigurations = (
				05CD1B132750A71500FA49BA /* Debug */,
				05CD1B142750A71500FA49BA /* Release */,
			);
			defaultConfigurationIsVisible = 0;
			defaultConfigurationName = Release;
		};
		05CD1B152750A71500FA49BA /* Build configuration list for PBXNativeTarget "memoTests" */ = {
			isa = XCConfigurationList;
			buildConfigurations = (
				05CD1B162750A71500FA49BA /* Debug */,
				05CD1B172750A71500FA49BA /* Release */,
			);
			defaultConfigurationIsVisible = 0;
			defaultConfigurationName = Release;
		};
		05CD1B182750A71500FA49BA /* Build configuration list for PBXNativeTarget "memoUITests" */ = {
			isa = XCConfigurationList;
			buildConfigurations = (
				05CD1B192750A71500FA49BA /* Debug */,
				05CD1B1A2750A71500FA49BA /* Release */,
			);
			defaultConfigurationIsVisible = 0;
			defaultConfigurationName = Release;
		};
/* End XCConfigurationList section */
	};
	rootObject = 05CD1AE02750A71300FA49BA /* Project object */;
}
